// !$*UTF8*$!
{
	archiveVersion = 1;
	classes = {
	};
	objectVersion = 56;
	objects = {

/* Begin PBXBuildFile section */
		CB52DFFB2C9DEDFB0055B3BB /* TabBarButton.swift in Sources */ = {isa = PBXBuildFile; fileRef = CB52DFFA2C9DEDFB0055B3BB /* TabBarButton.swift */; };
		CB52DFFD2C9DEED40055B3BB /* CustomTopTabBar.swift in Sources */ = {isa = PBXBuildFile; fileRef = CB52DFFC2C9DEED40055B3BB /* CustomTopTabBar.swift */; };
		CB52DFFF2C9DF11A0055B3BB /* HomeView.swift in Sources */ = {isa = PBXBuildFile; fileRef = CB52DFFE2C9DF11A0055B3BB /* HomeView.swift */; };
		CB692A762C9C621700CBC6ED /* Card.swift in Sources */ = {isa = PBXBuildFile; fileRef = CB692A752C9C621700CBC6ED /* Card.swift */; };
		CBC6DE992CC781220087DDB6 /* MainTabView.swift in Sources */ = {isa = PBXBuildFile; fileRef = CBC6DE982CC781220087DDB6 /* MainTabView.swift */; };
		CBEDD7432C9727EF00745579 /* MovieApp.swift in Sources */ = {isa = PBXBuildFile; fileRef = CBEDD7422C9727EF00745579 /* MovieApp.swift */; };
		CBEDD7452C9727EF00745579 /* MoviesView.swift in Sources */ = {isa = PBXBuildFile; fileRef = CBEDD7442C9727EF00745579 /* MoviesView.swift */; };
		CBEDD7472C9727F100745579 /* Assets.xcassets in Resources */ = {isa = PBXBuildFile; fileRef = CBEDD7462C9727F100745579 /* Assets.xcassets */; };
		CBEDD74A2C9727F100745579 /* Preview Assets.xcassets in Resources */ = {isa = PBXBuildFile; fileRef = CBEDD7492C9727F100745579 /* Preview Assets.xcassets */; };
		CBF8D8292C99269900520F4C /* NetworkManager.swift in Sources */ = {isa = PBXBuildFile; fileRef = CBF8D8282C99269900520F4C /* NetworkManager.swift */; };
		CBF8D82C2C9927C800520F4C /* Movie.swift in Sources */ = {isa = PBXBuildFile; fileRef = CBF8D82B2C9927C800520F4C /* Movie.swift */; };
		CBF8D82F2C992E4A00520F4C /* MoviesViewModel.swift in Sources */ = {isa = PBXBuildFile; fileRef = CBF8D82E2C992E4A00520F4C /* MoviesViewModel.swift */; };
		CBF8D8312C99309900520F4C /* MVError.swift in Sources */ = {isa = PBXBuildFile; fileRef = CBF8D8302C99309900520F4C /* MVError.swift */; };
		CBF8D8332C9930F200520F4C /* Alert.swift in Sources */ = {isa = PBXBuildFile; fileRef = CBF8D8322C9930F200520F4C /* Alert.swift */; };
/* End PBXBuildFile section */

/* Begin PBXFileReference section */
		CB52DFFA2C9DEDFB0055B3BB /* TabBarButton.swift */ = {isa = PBXFileReference; lastKnownFileType = sourcecode.swift; path = TabBarButton.swift; sourceTree = "<group>"; };
		CB52DFFC2C9DEED40055B3BB /* CustomTopTabBar.swift */ = {isa = PBXFileReference; lastKnownFileType = sourcecode.swift; path = CustomTopTabBar.swift; sourceTree = "<group>"; };
		CB52DFFE2C9DF11A0055B3BB /* HomeView.swift */ = {isa = PBXFileReference; lastKnownFileType = sourcecode.swift; path = HomeView.swift; sourceTree = "<group>"; };
		CB692A752C9C621700CBC6ED /* Card.swift */ = {isa = PBXFileReference; lastKnownFileType = sourcecode.swift; path = Card.swift; sourceTree = "<group>"; };
		CBC6DE982CC781220087DDB6 /* MainTabView.swift */ = {isa = PBXFileReference; lastKnownFileType = sourcecode.swift; path = MainTabView.swift; sourceTree = "<group>"; };
		CBEDD73F2C9727EF00745579 /* Movie.app */ = {isa = PBXFileReference; explicitFileType = wrapper.application; includeInIndex = 0; path = Movie.app; sourceTree = BUILT_PRODUCTS_DIR; };
		CBEDD7422C9727EF00745579 /* MovieApp.swift */ = {isa = PBXFileReference; lastKnownFileType = sourcecode.swift; path = MovieApp.swift; sourceTree = "<group>"; };
		CBEDD7442C9727EF00745579 /* MoviesView.swift */ = {isa = PBXFileReference; lastKnownFileType = sourcecode.swift; path = MoviesView.swift; sourceTree = "<group>"; };
		CBEDD7462C9727F100745579 /* Assets.xcassets */ = {isa = PBXFileReference; lastKnownFileType = folder.assetcatalog; path = Assets.xcassets; sourceTree = "<group>"; };
		CBEDD7492C9727F100745579 /* Preview Assets.xcassets */ = {isa = PBXFileReference; lastKnownFileType = folder.assetcatalog; path = "Preview Assets.xcassets"; sourceTree = "<group>"; };
		CBF8D8282C99269900520F4C /* NetworkManager.swift */ = {isa = PBXFileReference; lastKnownFileType = sourcecode.swift; path = NetworkManager.swift; sourceTree = "<group>"; };
		CBF8D82B2C9927C800520F4C /* Movie.swift */ = {isa = PBXFileReference; lastKnownFileType = sourcecode.swift; path = Movie.swift; sourceTree = "<group>"; };
		CBF8D82E2C992E4A00520F4C /* MoviesViewModel.swift */ = {isa = PBXFileReference; lastKnownFileType = sourcecode.swift; path = MoviesViewModel.swift; sourceTree = "<group>"; };
		CBF8D8302C99309900520F4C /* MVError.swift */ = {isa = PBXFileReference; lastKnownFileType = sourcecode.swift; path = MVError.swift; sourceTree = "<group>"; };
		CBF8D8322C9930F200520F4C /* Alert.swift */ = {isa = PBXFileReference; lastKnownFileType = sourcecode.swift; path = Alert.swift; sourceTree = "<group>"; };
/* End PBXFileReference section */

/* Begin PBXFrameworksBuildPhase section */
		CBEDD73C2C9727EF00745579 /* Frameworks */ = {
			isa = PBXFrameworksBuildPhase;
			buildActionMask = 2147483647;
			files = (
			);
			runOnlyForDeploymentPostprocessing = 0;
		};
/* End PBXFrameworksBuildPhase section */

/* Begin PBXGroup section */
		CB692A742C9C61E900CBC6ED /* Components */ = {
			isa = PBXGroup;
			children = (
				CB692A752C9C621700CBC6ED /* Card.swift */,
				CB52DFFC2C9DEED40055B3BB /* CustomTopTabBar.swift */,
				CB52DFFA2C9DEDFB0055B3BB /* TabBarButton.swift */,
			);
			path = Components;
			sourceTree = "<group>";
		};
		CBBE18ED2C9D6A1900376C54 /* Screens */ = {
			isa = PBXGroup;
			children = (
				CB52DFFE2C9DF11A0055B3BB /* HomeView.swift */,
				CBC6DE982CC781220087DDB6 /* MainTabView.swift */,
			);
			path = Screens;
			sourceTree = "<group>";
		};
		CBEDD7362C9727EF00745579 = {
			isa = PBXGroup;
			children = (
				CBEDD7412C9727EF00745579 /* Movie */,
				CBEDD7402C9727EF00745579 /* Products */,
			);
			sourceTree = "<group>";
		};
		CBEDD7402C9727EF00745579 /* Products */ = {
			isa = PBXGroup;
			children = (
				CBEDD73F2C9727EF00745579 /* Movie.app */,
			);
			name = Products;
			sourceTree = "<group>";
		};
		CBEDD7412C9727EF00745579 /* Movie */ = {
			isa = PBXGroup;
			children = (
				CBBE18ED2C9D6A1900376C54 /* Screens */,
				CB692A742C9C61E900CBC6ED /* Components */,
				CBF8D82A2C9927B700520F4C /* Models */,
				CBF8D82D2C992DF900520F4C /* Views */,
				CBF8D8272C99266600520F4C /* Utils */,
				CBEDD7422C9727EF00745579 /* MovieApp.swift */,
				CBEDD7462C9727F100745579 /* Assets.xcassets */,
				CBEDD7482C9727F100745579 /* Preview Content */,
			);
			path = Movie;
			sourceTree = "<group>";
		};
		CBEDD7482C9727F100745579 /* Preview Content */ = {
			isa = PBXGroup;
			children = (
				CBEDD7492C9727F100745579 /* Preview Assets.xcassets */,
			);
			path = "Preview Content";
			sourceTree = "<group>";
		};
		CBF8D8272C99266600520F4C /* Utils */ = {
			isa = PBXGroup;
			children = (
				CBF8D8322C9930F200520F4C /* Alert.swift */,
				CBF8D8282C99269900520F4C /* NetworkManager.swift */,
				CBF8D8302C99309900520F4C /* MVError.swift */,
			);
			path = Utils;
			sourceTree = "<group>";
		};
		CBF8D82A2C9927B700520F4C /* Models */ = {
			isa = PBXGroup;
			children = (
				CBF8D82B2C9927C800520F4C /* Movie.swift */,
			);
			path = Models;
			sourceTree = "<group>";
		};
		CBF8D82D2C992DF900520F4C /* Views */ = {
			isa = PBXGroup;
			children = (
				CBEDD7442C9727EF00745579 /* MoviesView.swift */,
				CBF8D82E2C992E4A00520F4C /* MoviesViewModel.swift */,
			);
			path = Views;
			sourceTree = "<group>";
		};
/* End PBXGroup section */

/* Begin PBXNativeTarget section */
		CBEDD73E2C9727EF00745579 /* Movie */ = {
			isa = PBXNativeTarget;
			buildConfigurationList = CBEDD74D2C9727F100745579 /* Build configuration list for PBXNativeTarget "Movie" */;
			buildPhases = (
				CBEDD73B2C9727EF00745579 /* Sources */,
				CBEDD73C2C9727EF00745579 /* Frameworks */,
				CBEDD73D2C9727EF00745579 /* Resources */,
			);
			buildRules = (
			);
			dependencies = (
			);
			name = Movie;
			productName = Movie;
			productReference = CBEDD73F2C9727EF00745579 /* Movie.app */;
			productType = "com.apple.product-type.application";
		};
/* End PBXNativeTarget section */

/* Begin PBXProject section */
		CBEDD7372C9727EF00745579 /* Project object */ = {
			isa = PBXProject;
			attributes = {
				BuildIndependentTargetsInParallel = 1;
				LastSwiftUpdateCheck = 1540;
				LastUpgradeCheck = 1540;
				TargetAttributes = {
					CBEDD73E2C9727EF00745579 = {
						CreatedOnToolsVersion = 15.4;
					};
				};
			};
			buildConfigurationList = CBEDD73A2C9727EF00745579 /* Build configuration list for PBXProject "Movie" */;
			compatibilityVersion = "Xcode 14.0";
			developmentRegion = en;
			hasScannedForEncodings = 0;
			knownRegions = (
				en,
				Base,
			);
			mainGroup = CBEDD7362C9727EF00745579;
			productRefGroup = CBEDD7402C9727EF00745579 /* Products */;
			projectDirPath = "";
			projectRoot = "";
			targets = (
				CBEDD73E2C9727EF00745579 /* Movie */,
			);
		};
/* End PBXProject section */

/* Begin PBXResourcesBuildPhase section */
		CBEDD73D2C9727EF00745579 /* Resources */ = {
			isa = PBXResourcesBuildPhase;
			buildActionMask = 2147483647;
			files = (
				CBEDD74A2C9727F100745579 /* Preview Assets.xcassets in Resources */,
				CBEDD7472C9727F100745579 /* Assets.xcassets in Resources */,
			);
			runOnlyForDeploymentPostprocessing = 0;
		};
/* End PBXResourcesBuildPhase section */

/* Begin PBXSourcesBuildPhase section */
		CBEDD73B2C9727EF00745579 /* Sources */ = {
			isa = PBXSourcesBuildPhase;
			buildActionMask = 2147483647;
			files = (
				CBF8D8292C99269900520F4C /* NetworkManager.swift in Sources */,
				CB52DFFB2C9DEDFB0055B3BB /* TabBarButton.swift in Sources */,
				CBF8D82F2C992E4A00520F4C /* MoviesViewModel.swift in Sources */,
				CBEDD7452C9727EF00745579 /* MoviesView.swift in Sources */,
				CBF8D82C2C9927C800520F4C /* Movie.swift in Sources */,
				CBEDD7432C9727EF00745579 /* MovieApp.swift in Sources */,
				CBF8D8312C99309900520F4C /* MVError.swift in Sources */,
				CB52DFFF2C9DF11A0055B3BB /* HomeView.swift in Sources */,
				CBF8D8332C9930F200520F4C /* Alert.swift in Sources */,
				CB52DFFD2C9DEED40055B3BB /* CustomTopTabBar.swift in Sources */,
				CB692A762C9C621700CBC6ED /* Card.swift in Sources */,
				CBC6DE992CC781220087DDB6 /* MainTabView.swift in Sources */,
			);
			runOnlyForDeploymentPostprocessing = 0;
		};
/* End PBXSourcesBuildPhase section */

/* Begin XCBuildConfiguration section */
		CBEDD74B2C9727F100745579 /* Debug */ = {
			isa = XCBuildConfiguration;
			buildSettings = {
				ALWAYS_SEARCH_USER_PATHS = NO;
				ASSETCATALOG_COMPILER_GENERATE_SWIFT_ASSET_SYMBOL_EXTENSIONS = YES;
				CLANG_ANALYZER_NONNULL = YES;
				CLANG_ANALYZER_NUMBER_OBJECT_CONVERSION = YES_AGGRESSIVE;
				CLANG_CXX_LANGUAGE_STANDARD = "gnu++20";
				CLANG_ENABLE_MODULES = YES;
				CLANG_ENABLE_OBJC_ARC = YES;
				CLANG_ENABLE_OBJC_WEAK = YES;
				CLANG_WARN_BLOCK_CAPTURE_AUTORELEASING = YES;
				CLANG_WARN_BOOL_CONVERSION = YES;
				CLANG_WARN_COMMA = YES;
				CLANG_WARN_CONSTANT_CONVERSION = YES;
				CLANG_WARN_DEPRECATED_OBJC_IMPLEMENTATIONS = YES;
				CLANG_WARN_DIRECT_OBJC_ISA_USAGE = YES_ERROR;
				CLANG_WARN_DOCUMENTATION_COMMENTS = YES;
				CLANG_WARN_EMPTY_BODY = YES;
				CLANG_WARN_ENUM_CONVERSION = YES;
				CLANG_WARN_INFINITE_RECURSION = YES;
				CLANG_WARN_INT_CONVERSION = YES;
				CLANG_WARN_NON_LITERAL_NULL_CONVERSION = YES;
				CLANG_WARN_OBJC_IMPLICIT_RETAIN_SELF = YES;
				CLANG_WARN_OBJC_LITERAL_CONVERSION = YES;
				CLANG_WARN_OBJC_ROOT_CLASS = YES_ERROR;
				CLANG_WARN_QUOTED_INCLUDE_IN_FRAMEWORK_HEADER = YES;
				CLANG_WARN_RANGE_LOOP_ANALYSIS = YES;
				CLANG_WARN_STRICT_PROTOTYPES = YES;
				CLANG_WARN_SUSPICIOUS_MOVE = YES;
				CLANG_WARN_UNGUARDED_AVAILABILITY = YES_AGGRESSIVE;
				CLANG_WARN_UNREACHABLE_CODE = YES;
				CLANG_WARN__DUPLICATE_METHOD_MATCH = YES;
				COPY_PHASE_STRIP = NO;
				DEBUG_INFORMATION_FORMAT = dwarf;
				ENABLE_STRICT_OBJC_MSGSEND = YES;
				ENABLE_TESTABILITY = YES;
				ENABLE_USER_SCRIPT_SANDBOXING = YES;
				GCC_C_LANGUAGE_STANDARD = gnu17;
				GCC_DYNAMIC_NO_PIC = NO;
				GCC_NO_COMMON_BLOCKS = YES;
				GCC_OPTIMIZATION_LEVEL = 0;
				GCC_PREPROCESSOR_DEFINITIONS = (
					"DEBUG=1",
					"$(inherited)",
				);
				GCC_WARN_64_TO_32_BIT_CONVERSION = YES;
				GCC_WARN_ABOUT_RETURN_TYPE = YES_ERROR;
				GCC_WARN_UNDECLARED_SELECTOR = YES;
				GCC_WARN_UNINITIALIZED_AUTOS = YES_AGGRESSIVE;
				GCC_WARN_UNUSED_FUNCTION = YES;
				GCC_WARN_UNUSED_VARIABLE = YES;
				IPHONEOS_DEPLOYMENT_TARGET = 17.5;
				LOCALIZATION_PREFERS_STRING_CATALOGS = YES;
				MTL_ENABLE_DEBUG_INFO = INCLUDE_SOURCE;
				MTL_FAST_MATH = YES;
				ONLY_ACTIVE_ARCH = YES;
				SDKROOT = iphoneos;
				SWIFT_ACTIVE_COMPILATION_CONDITIONS = "DEBUG $(inherited)";
				SWIFT_OPTIMIZATION_LEVEL = "-Onone";
			};
			name = Debug;
		};
		CBEDD74C2C9727F100745579 /* Release */ = {
			isa = XCBuildConfiguration;
			buildSettings = {
				ALWAYS_SEARCH_USER_PATHS = NO;
				ASSETCATALOG_COMPILER_GENERATE_SWIFT_ASSET_SYMBOL_EXTENSIONS = YES;
				CLANG_ANALYZER_NONNULL = YES;
				CLANG_ANALYZER_NUMBER_OBJECT_CONVERSION = YES_AGGRESSIVE;
				CLANG_CXX_LANGUAGE_STANDARD = "gnu++20";
				CLANG_ENABLE_MODULES = YES;
				CLANG_ENABLE_OBJC_ARC = YES;
				CLANG_ENABLE_OBJC_WEAK = YES;
				CLANG_WARN_BLOCK_CAPTURE_AUTORELEASING = YES;
				CLANG_WARN_BOOL_CONVERSION = YES;
				CLANG_WARN_COMMA = YES;
				CLANG_WARN_CONSTANT_CONVERSION = YES;
				CLANG_WARN_DEPRECATED_OBJC_IMPLEMENTATIONS = YES;
				CLANG_WARN_DIRECT_OBJC_ISA_USAGE = YES_ERROR;
				CLANG_WARN_DOCUMENTATION_COMMENTS = YES;
				CLANG_WARN_EMPTY_BODY = YES;
				CLANG_WARN_ENUM_CONVERSION = YES;
				CLANG_WARN_INFINITE_RECURSION = YES;
				CLANG_WARN_INT_CONVERSION = YES;
				CLANG_WARN_NON_LITERAL_NULL_CONVERSION = YES;
				CLANG_WARN_OBJC_IMPLICIT_RETAIN_SELF = YES;
				CLANG_WARN_OBJC_LITERAL_CONVERSION = YES;
				CLANG_WARN_OBJC_ROOT_CLASS = YES_ERROR;
				CLANG_WARN_QUOTED_INCLUDE_IN_FRAMEWORK_HEADER = YES;
				CLANG_WARN_RANGE_LOOP_ANALYSIS = YES;
				CLANG_WARN_STRICT_PROTOTYPES = YES;
				CLANG_WARN_SUSPICIOUS_MOVE = YES;
				CLANG_WARN_UNGUARDED_AVAILABILITY = YES_AGGRESSIVE;
				CLANG_WARN_UNREACHABLE_CODE = YES;
				CLANG_WARN__DUPLICATE_METHOD_MATCH = YES;
				COPY_PHASE_STRIP = NO;
				DEBUG_INFORMATION_FORMAT = "dwarf-with-dsym";
				ENABLE_NS_ASSERTIONS = NO;
				ENABLE_STRICT_OBJC_MSGSEND = YES;
				ENABLE_USER_SCRIPT_SANDBOXING = YES;
				GCC_C_LANGUAGE_STANDARD = gnu17;
				GCC_NO_COMMON_BLOCKS = YES;
				GCC_WARN_64_TO_32_BIT_CONVERSION = YES;
				GCC_WARN_ABOUT_RETURN_TYPE = YES_ERROR;
				GCC_WARN_UNDECLARED_SELECTOR = YES;
				GCC_WARN_UNINITIALIZED_AUTOS = YES_AGGRESSIVE;
				GCC_WARN_UNUSED_FUNCTION = YES;
				GCC_WARN_UNUSED_VARIABLE = YES;
				IPHONEOS_DEPLOYMENT_TARGET = 17.5;
				LOCALIZATION_PREFERS_STRING_CATALOGS = YES;
				MTL_ENABLE_DEBUG_INFO = NO;
				MTL_FAST_MATH = YES;
				SDKROOT = iphoneos;
				SWIFT_COMPILATION_MODE = wholemodule;
				VALIDATE_PRODUCT = YES;
			};
			name = Release;
		};
		CBEDD74E2C9727F100745579 /* Debug */ = {
			isa = XCBuildConfiguration;
			buildSettings = {
				ASSETCATALOG_COMPILER_APPICON_NAME = AppIcon;
				ASSETCATALOG_COMPILER_GLOBAL_ACCENT_COLOR_NAME = AccentColor;
				CODE_SIGN_STYLE = Automatic;
				CURRENT_PROJECT_VERSION = 1;
				DEVELOPMENT_ASSET_PATHS = "\"Movie/Preview Content\"";
				DEVELOPMENT_TEAM = 3Y86V58MN2;
				ENABLE_PREVIEWS = YES;
				GENERATE_INFOPLIST_FILE = YES;
				INFOPLIST_KEY_UIApplicationSceneManifest_Generation = YES;
				INFOPLIST_KEY_UIApplicationSupportsIndirectInputEvents = YES;
				INFOPLIST_KEY_UILaunchScreen_Generation = YES;
				INFOPLIST_KEY_UISupportedInterfaceOrientations = UIInterfaceOrientationPortrait;
				INFOPLIST_KEY_UISupportedInterfaceOrientations_iPad = "UIInterfaceOrientationLandscapeLeft UIInterfaceOrientationLandscapeRight UIInterfaceOrientationPortrait UIInterfaceOrientationPortraitUpsideDown";
				LD_RUNPATH_SEARCH_PATHS = (
					"$(inherited)",
					"@executable_path/Frameworks",
				);
				MARKETING_VERSION = 1.0;
				PRODUCT_BUNDLE_IDENTIFIER = rizaradiarivaldo.Movie;
				PRODUCT_NAME = "$(TARGET_NAME)";
				SUPPORTED_PLATFORMS = "iphoneos iphonesimulator";
				SUPPORTS_MACCATALYST = NO;
				SUPPORTS_MAC_DESIGNED_FOR_IPHONE_IPAD = NO;
				SUPPORTS_XR_DESIGNED_FOR_IPHONE_IPAD = NO;
				SWIFT_EMIT_LOC_STRINGS = YES;
				SWIFT_VERSION = 5.0;
				TARGETED_DEVICE_FAMILY = 1;
			};
			name = Debug;
		};
		CBEDD74F2C9727F100745579 /* Release */ = {
			isa = XCBuildConfiguration;
			buildSettings = {
				ASSETCATALOG_COMPILER_APPICON_NAME = AppIcon;
				ASSETCATALOG_COMPILER_GLOBAL_ACCENT_COLOR_NAME = AccentColor;
				CODE_SIGN_STYLE = Automatic;
				CURRENT_PROJECT_VERSION = 1;
				DEVELOPMENT_ASSET_PATHS = "\"Movie/Preview Content\"";
				DEVELOPMENT_TEAM = 3Y86V58MN2;
				ENABLE_PREVIEWS = YES;
				GENERATE_INFOPLIST_FILE = YES;
				INFOPLIST_KEY_UIApplicationSceneManifest_Generation = YES;
				INFOPLIST_KEY_UIApplicationSupportsIndirectInputEvents = YES;
				INFOPLIST_KEY_UILaunchScreen_Generation = YES;
				INFOPLIST_KEY_UISupportedInterfaceOrientations = UIInterfaceOrientationPortrait;
				INFOPLIST_KEY_UISupportedInterfaceOrientations_iPad = "UIInterfaceOrientationLandscapeLeft UIInterfaceOrientationLandscapeRight UIInterfaceOrientationPortrait UIInterfaceOrientationPortraitUpsideDown";
				LD_RUNPATH_SEARCH_PATHS = (
					"$(inherited)",
					"@executable_path/Frameworks",
				);
				MARKETING_VERSION = 1.0;
				PRODUCT_BUNDLE_IDENTIFIER = rizaradiarivaldo.Movie;
				PRODUCT_NAME = "$(TARGET_NAME)";
				SUPPORTED_PLATFORMS = "iphoneos iphonesimulator";
				SUPPORTS_MACCATALYST = NO;
				SUPPORTS_MAC_DESIGNED_FOR_IPHONE_IPAD = NO;
				SUPPORTS_XR_DESIGNED_FOR_IPHONE_IPAD = NO;
				SWIFT_EMIT_LOC_STRINGS = YES;
				SWIFT_VERSION = 5.0;
				TARGETED_DEVICE_FAMILY = 1;
			};
			name = Release;
		};
/* End XCBuildConfiguration section */

/* Begin XCConfigurationList section */
		CBEDD73A2C9727EF00745579 /* Build configuration list for PBXProject "Movie" */ = {
			isa = XCConfigurationList;
			buildConfigurations = (
				CBEDD74B2C9727F100745579 /* Debug */,
				CBEDD74C2C9727F100745579 /* Release */,
			);
			defaultConfigurationIsVisible = 0;
			defaultConfigurationName = Release;
		};
		CBEDD74D2C9727F100745579 /* Build configuration list for PBXNativeTarget "Movie" */ = {
			isa = XCConfigurationList;
			buildConfigurations = (
				CBEDD74E2C9727F100745579 /* Debug */,
				CBEDD74F2C9727F100745579 /* Release */,
			);
			defaultConfigurationIsVisible = 0;
			defaultConfigurationName = Release;
		};
/* End XCConfigurationList section */
	};
	rootObject = CBEDD7372C9727EF00745579 /* Project object */;
}
